// !$*UTF8*$!
{
	archiveVersion = 1;
	classes = {
	};
	objectVersion = 50;
	objects = {

/* Begin PBXBuildFile section */
		F33DCB1E29EA3D4C007D8871 /* ViewController.swift in Sources */ = {isa = PBXBuildFile; fileRef = F3F9D13F29EA2C1100F9CACF /* ViewController.swift */; };
		F33DCB2329EA3D78007D8871 /* Cat.wav in Resources */ = {isa = PBXBuildFile; fileRef = F33DCB2229EA3D78007D8871 /* Cat.wav */; };
		F33DCB3029EA815C007D8871 /* Dog.mp3 in Resources */ = {isa = PBXBuildFile; fileRef = F33DCB2F29EA815C007D8871 /* Dog.mp3 */; };
		F33DCB3529EA84E2007D8871 /* Bonk.mp3 in Resources */ = {isa = PBXBuildFile; fileRef = F33DCB3429EA84E2007D8871 /* Bonk.mp3 */; };
		F3F9D13C29EA2C1100F9CACF /* AppDelegate.swift in Sources */ = {isa = PBXBuildFile; fileRef = F3F9D13B29EA2C1100F9CACF /* AppDelegate.swift */; };
		F3F9D13E29EA2C1100F9CACF /* SceneDelegate.swift in Sources */ = {isa = PBXBuildFile; fileRef = F3F9D13D29EA2C1100F9CACF /* SceneDelegate.swift */; };
		F3F9D14329EA2C1100F9CACF /* Main.storyboard in Resources */ = {isa = PBXBuildFile; fileRef = F3F9D14129EA2C1100F9CACF /* Main.storyboard */; };
		F3F9D14529EA2C1300F9CACF /* Assets.xcassets in Resources */ = {isa = PBXBuildFile; fileRef = F3F9D14429EA2C1300F9CACF /* Assets.xcassets */; };
		F3F9D14829EA2C1300F9CACF /* LaunchScreen.storyboard in Resources */ = {isa = PBXBuildFile; fileRef = F3F9D14629EA2C1300F9CACF /* LaunchScreen.storyboard */; };
		F3F9D15329EA2C1300F9CACF /* AnimalSoundTests.swift in Sources */ = {isa = PBXBuildFile; fileRef = F3F9D15229EA2C1300F9CACF /* AnimalSoundTests.swift */; };
		F3F9D15E29EA2C1300F9CACF /* AnimalSoundUITests.swift in Sources */ = {isa = PBXBuildFile; fileRef = F3F9D15D29EA2C1300F9CACF /* AnimalSoundUITests.swift */; };
/* End PBXBuildFile section */

/* Begin PBXContainerItemProxy section */
		F3F9D14F29EA2C1300F9CACF /* PBXContainerItemProxy */ = {
			isa = PBXContainerItemProxy;
			containerPortal = F3F9D13029EA2C1100F9CACF /* Project object */;
			proxyType = 1;
			remoteGlobalIDString = F3F9D13729EA2C1100F9CACF;
			remoteInfo = AnimalSound;
		};
		F3F9D15A29EA2C1300F9CACF /* PBXContainerItemProxy */ = {
			isa = PBXContainerItemProxy;
			containerPortal = F3F9D13029EA2C1100F9CACF /* Project object */;
			proxyType = 1;
			remoteGlobalIDString = F3F9D13729EA2C1100F9CACF;
			remoteInfo = AnimalSound;
		};
/* End PBXContainerItemProxy section */

/* Begin PBXFileReference section */
		F33DCB2229EA3D78007D8871 /* Cat.wav */ = {isa = PBXFileReference; lastKnownFileType = audio.wav; path = Cat.wav; sourceTree = "<group>"; };
		F33DCB2F29EA815C007D8871 /* Dog.mp3 */ = {isa = PBXFileReference; lastKnownFileType = audio.mp3; path = Dog.mp3; sourceTree = "<group>"; };
		F33DCB3429EA84E2007D8871 /* Bonk.mp3 */ = {isa = PBXFileReference; lastKnownFileType = audio.mp3; path = Bonk.mp3; sourceTree = "<group>"; };
		F3F9D13829EA2C1100F9CACF /* AnimalSound.app */ = {isa = PBXFileReference; explicitFileType = wrapper.application; includeInIndex = 0; path = AnimalSound.app; sourceTree = BUILT_PRODUCTS_DIR; };
		F3F9D13B29EA2C1100F9CACF /* AppDelegate.swift */ = {isa = PBXFileReference; lastKnownFileType = sourcecode.swift; path = AppDelegate.swift; sourceTree = "<group>"; };
		F3F9D13D29EA2C1100F9CACF /* SceneDelegate.swift */ = {isa = PBXFileReference; lastKnownFileType = sourcecode.swift; path = SceneDelegate.swift; sourceTree = "<group>"; };
		F3F9D13F29EA2C1100F9CACF /* ViewController.swift */ = {isa = PBXFileReference; lastKnownFileType = sourcecode.swift; path = ViewController.swift; sourceTree = "<group>"; };
		F3F9D14229EA2C1100F9CACF /* Base */ = {isa = PBXFileReference; lastKnownFileType = file.storyboard; name = Base; path = Base.lproj/Main.storyboard; sourceTree = "<group>"; };
		F3F9D14429EA2C1300F9CACF /* Assets.xcassets */ = {isa = PBXFileReference; lastKnownFileType = folder.assetcatalog; path = Assets.xcassets; sourceTree = "<group>"; };
		F3F9D14729EA2C1300F9CACF /* Base */ = {isa = PBXFileReference; lastKnownFileType = file.storyboard; name = Base; path = Base.lproj/LaunchScreen.storyboard; sourceTree = "<group>"; };
		F3F9D14929EA2C1300F9CACF /* Info.plist */ = {isa = PBXFileReference; lastKnownFileType = text.plist.xml; path = Info.plist; sourceTree = "<group>"; };
		F3F9D14E29EA2C1300F9CACF /* AnimalSoundTests.xctest */ = {isa = PBXFileReference; explicitFileType = wrapper.cfbundle; includeInIndex = 0; path = AnimalSoundTests.xctest; sourceTree = BUILT_PRODUCTS_DIR; };
		F3F9D15229EA2C1300F9CACF /* AnimalSoundTests.swift */ = {isa = PBXFileReference; lastKnownFileType = sourcecode.swift; path = AnimalSoundTests.swift; sourceTree = "<group>"; };
		F3F9D15429EA2C1300F9CACF /* Info.plist */ = {isa = PBXFileReference; lastKnownFileType = text.plist.xml; path = Info.plist; sourceTree = "<group>"; };
		F3F9D15929EA2C1300F9CACF /* AnimalSoundUITests.xctest */ = {isa = PBXFileReference; explicitFileType = wrapper.cfbundle; includeInIndex = 0; path = AnimalSoundUITests.xctest; sourceTree = BUILT_PRODUCTS_DIR; };
		F3F9D15D29EA2C1300F9CACF /* AnimalSoundUITests.swift */ = {isa = PBXFileReference; lastKnownFileType = sourcecode.swift; path = AnimalSoundUITests.swift; sourceTree = "<group>"; };
		F3F9D15F29EA2C1300F9CACF /* Info.plist */ = {isa = PBXFileReference; lastKnownFileType = text.plist.xml; path = Info.plist; sourceTree = "<group>"; };
/* End PBXFileReference section */

/* Begin PBXFrameworksBuildPhase section */
		F3F9D13529EA2C1100F9CACF /* Frameworks */ = {
			isa = PBXFrameworksBuildPhase;
			buildActionMask = 2147483647;
			files = (
			);
			runOnlyForDeploymentPostprocessing = 0;
		};
		F3F9D14B29EA2C1300F9CACF /* Frameworks */ = {
			isa = PBXFrameworksBuildPhase;
			buildActionMask = 2147483647;
			files = (
			);
			runOnlyForDeploymentPostprocessing = 0;
		};
		F3F9D15629EA2C1300F9CACF /* Frameworks */ = {
			isa = PBXFrameworksBuildPhase;
			buildActionMask = 2147483647;
			files = (
			);
			runOnlyForDeploymentPostprocessing = 0;
		};
/* End PBXFrameworksBuildPhase section */

/* Begin PBXGroup section */
		F3F9D12F29EA2C1100F9CACF = {
			isa = PBXGroup;
			children = (
				F3F9D13A29EA2C1100F9CACF /* AnimalSound */,
				F3F9D15129EA2C1300F9CACF /* AnimalSoundTests */,
				F3F9D15C29EA2C1300F9CACF /* AnimalSoundUITests */,
				F3F9D13929EA2C1100F9CACF /* Products */,
			);
			sourceTree = "<group>";
		};
		F3F9D13929EA2C1100F9CACF /* Products */ = {
			isa = PBXGroup;
			children = (
				F3F9D13829EA2C1100F9CACF /* AnimalSound.app */,
				F3F9D14E29EA2C1300F9CACF /* AnimalSoundTests.xctest */,
				F3F9D15929EA2C1300F9CACF /* AnimalSoundUITests.xctest */,
			);
			name = Products;
			sourceTree = "<group>";
		};
		F3F9D13A29EA2C1100F9CACF /* AnimalSound */ = {
			isa = PBXGroup;
			children = (
				F33DCB3429EA84E2007D8871 /* Bonk.mp3 */,
				F33DCB2F29EA815C007D8871 /* Dog.mp3 */,
				F33DCB2229EA3D78007D8871 /* Cat.wav */,
				F3F9D13B29EA2C1100F9CACF /* AppDelegate.swift */,
				F3F9D13D29EA2C1100F9CACF /* SceneDelegate.swift */,
				F3F9D13F29EA2C1100F9CACF /* ViewController.swift */,
				F3F9D14129EA2C1100F9CACF /* Main.storyboard */,
				F3F9D14429EA2C1300F9CACF /* Assets.xcassets */,
				F3F9D14629EA2C1300F9CACF /* LaunchScreen.storyboard */,
				F3F9D14929EA2C1300F9CACF /* Info.plist */,
			);
			path = AnimalSound;
			sourceTree = "<group>";
		};
		F3F9D15129EA2C1300F9CACF /* AnimalSoundTests */ = {
			isa = PBXGroup;
			children = (
				F3F9D15229EA2C1300F9CACF /* AnimalSoundTests.swift */,
				F3F9D15429EA2C1300F9CACF /* Info.plist */,
			);
			path = AnimalSoundTests;
			sourceTree = "<group>";
		};
		F3F9D15C29EA2C1300F9CACF /* AnimalSoundUITests */ = {
			isa = PBXGroup;
			children = (
				F3F9D15D29EA2C1300F9CACF /* AnimalSoundUITests.swift */,
				F3F9D15F29EA2C1300F9CACF /* Info.plist */,
			);
			path = AnimalSoundUITests;
			sourceTree = "<group>";
		};
/* End PBXGroup section */

/* Begin PBXNativeTarget section */
		F3F9D13729EA2C1100F9CACF /* AnimalSound */ = {
			isa = PBXNativeTarget;
			buildConfigurationList = F3F9D16229EA2C1300F9CACF /* Build configuration list for PBXNativeTarget "AnimalSound" */;
			buildPhases = (
				F3F9D13429EA2C1100F9CACF /* Sources */,
				F3F9D13529EA2C1100F9CACF /* Frameworks */,
				F3F9D13629EA2C1100F9CACF /* Resources */,
			);
			buildRules = (
			);
			dependencies = (
			);
			name = AnimalSound;
			productName = AnimalSound;
			productReference = F3F9D13829EA2C1100F9CACF /* AnimalSound.app */;
			productType = "com.apple.product-type.application";
		};
		F3F9D14D29EA2C1300F9CACF /* AnimalSoundTests */ = {
			isa = PBXNativeTarget;
			buildConfigurationList = F3F9D16529EA2C1300F9CACF /* Build configuration list for PBXNativeTarget "AnimalSoundTests" */;
			buildPhases = (
				F3F9D14A29EA2C1300F9CACF /* Sources */,
				F3F9D14B29EA2C1300F9CACF /* Frameworks */,
				F3F9D14C29EA2C1300F9CACF /* Resources */,
			);
			buildRules = (
			);
			dependencies = (
				F3F9D15029EA2C1300F9CACF /* PBXTargetDependency */,
			);
			name = AnimalSoundTests;
			productName = AnimalSoundTests;
			productReference = F3F9D14E29EA2C1300F9CACF /* AnimalSoundTests.xctest */;
			productType = "com.apple.product-type.bundle.unit-test";
		};
		F3F9D15829EA2C1300F9CACF /* AnimalSoundUITests */ = {
			isa = PBXNativeTarget;
			buildConfigurationList = F3F9D16829EA2C1300F9CACF /* Build configuration list for PBXNativeTarget "AnimalSoundUITests" */;
			buildPhases = (
				F3F9D15529EA2C1300F9CACF /* Sources */,
				F3F9D15629EA2C1300F9CACF /* Frameworks */,
				F3F9D15729EA2C1300F9CACF /* Resources */,
			);
			buildRules = (
			);
			dependencies = (
				F3F9D15B29EA2C1300F9CACF /* PBXTargetDependency */,
			);
			name = AnimalSoundUITests;
			productName = AnimalSoundUITests;
			productReference = F3F9D15929EA2C1300F9CACF /* AnimalSoundUITests.xctest */;
			productType = "com.apple.product-type.bundle.ui-testing";
		};
/* End PBXNativeTarget section */

/* Begin PBXProject section */
		F3F9D13029EA2C1100F9CACF /* Project object */ = {
			isa = PBXProject;
			attributes = {
				LastSwiftUpdateCheck = 1240;
				LastUpgradeCheck = 1240;
				TargetAttributes = {
					F3F9D13729EA2C1100F9CACF = {
						CreatedOnToolsVersion = 12.4;
					};
					F3F9D14D29EA2C1300F9CACF = {
						CreatedOnToolsVersion = 12.4;
						TestTargetID = F3F9D13729EA2C1100F9CACF;
					};
					F3F9D15829EA2C1300F9CACF = {
						CreatedOnToolsVersion = 12.4;
						TestTargetID = F3F9D13729EA2C1100F9CACF;
					};
				};
			};
			buildConfigurationList = F3F9D13329EA2C1100F9CACF /* Build configuration list for PBXProject "AnimalSound" */;
			compatibilityVersion = "Xcode 9.3";
			developmentRegion = en;
			hasScannedForEncodings = 0;
			knownRegions = (
				en,
				Base,
			);
			mainGroup = F3F9D12F29EA2C1100F9CACF;
			productRefGroup = F3F9D13929EA2C1100F9CACF /* Products */;
			projectDirPath = "";
			projectRoot = "";
			targets = (
				F3F9D13729EA2C1100F9CACF /* AnimalSound */,
				F3F9D14D29EA2C1300F9CACF /* AnimalSoundTests */,
				F3F9D15829EA2C1300F9CACF /* AnimalSoundUITests */,
			);
		};
/* End PBXProject section */

/* Begin PBXResourcesBuildPhase section */
		F3F9D13629EA2C1100F9CACF /* Resources */ = {
			isa = PBXResourcesBuildPhase;
			buildActionMask = 2147483647;
			files = (
				F33DCB3529EA84E2007D8871 /* Bonk.mp3 in Resources */,
				F3F9D14829EA2C1300F9CACF /* LaunchScreen.storyboard in Resources */,
				F3F9D14529EA2C1300F9CACF /* Assets.xcassets in Resources */,
				F3F9D14329EA2C1100F9CACF /* Main.storyboard in Resources */,
				F33DCB2329EA3D78007D8871 /* Cat.wav in Resources */,
				F33DCB3029EA815C007D8871 /* Dog.mp3 in Resources */,
			);
			runOnlyForDeploymentPostprocessing = 0;
		};
		F3F9D14C29EA2C1300F9CACF /* Resources */ = {
			isa = PBXResourcesBuildPhase;
			buildActionMask = 2147483647;
			files = (
			);
			runOnlyForDeploymentPostprocessing = 0;
		};
		F3F9D15729EA2C1300F9CACF /* Resources */ = {
			isa = PBXResourcesBuildPhase;
			buildActionMask = 2147483647;
			files = (
			);
			runOnlyForDeploymentPostprocessing = 0;
		};
/* End PBXResourcesBuildPhase section */

/* Begin PBXSourcesBuildPhase section */
		F3F9D13429EA2C1100F9CACF /* Sources */ = {
			isa = PBXSourcesBuildPhase;
			buildActionMask = 2147483647;
			files = (
				F33DCB1E29EA3D4C007D8871 /* ViewController.swift in Sources */,
				F3F9D13C29EA2C1100F9CACF /* AppDelegate.swift in Sources */,
				F3F9D13E29EA2C1100F9CACF /* SceneDelegate.swift in Sources */,
			);
			runOnlyForDeploymentPostprocessing = 0;
		};
		F3F9D14A29EA2C1300F9CACF /* Sources */ = {
			isa = PBXSourcesBuildPhase;
			buildActionMask = 2147483647;
			files = (
				F3F9D15329EA2C1300F9CACF /* AnimalSoundTests.swift in Sources */,
			);
			runOnlyForDeploymentPostprocessing = 0;
		};
		F3F9D15529EA2C1300F9CACF /* Sources */ = {
			isa = PBXSourcesBuildPhase;
			buildActionMask = 2147483647;
			files = (
				F3F9D15E29EA2C1300F9CACF /* AnimalSoundUITests.swift in Sources */,
			);
			runOnlyForDeploymentPostprocessing = 0;
		};
/* End PBXSourcesBuildPhase section */

/* Begin PBXTargetDependency section */
		F3F9D15029EA2C1300F9CACF /* PBXTargetDependency */ = {
			isa = PBXTargetDependency;
			target = F3F9D13729EA2C1100F9CACF /* AnimalSound */;
			targetProxy = F3F9D14F29EA2C1300F9CACF /* PBXContainerItemProxy */;
		};
		F3F9D15B29EA2C1300F9CACF /* PBXTargetDependency */ = {
			isa = PBXTargetDependency;
			target = F3F9D13729EA2C1100F9CACF /* AnimalSound */;
			targetProxy = F3F9D15A29EA2C1300F9CACF /* PBXContainerItemProxy */;
		};
/* End PBXTargetDependency section */

/* Begin PBXVariantGroup section */
		F3F9D14129EA2C1100F9CACF /* Main.storyboard */ = {
			isa = PBXVariantGroup;
			children = (
				F3F9D14229EA2C1100F9CACF /* Base */,
			);
			name = Main.storyboard;
			sourceTree = "<group>";
		};
		F3F9D14629EA2C1300F9CACF /* LaunchScreen.storyboard */ = {
			isa = PBXVariantGroup;
			children = (
				F3F9D14729EA2C1300F9CACF /* Base */,
			);
			name = LaunchScreen.storyboard;
			sourceTree = "<group>";
		};
/* End PBXVariantGroup section */

/* Begin XCBuildConfiguration section */
		F3F9D16029EA2C1300F9CACF /* Debug */ = {
			isa = XCBuildConfiguration;
			buildSettings = {
				ALWAYS_SEARCH_USER_PATHS = NO;
				CLANG_ANALYZER_NONNULL = YES;
				CLANG_ANALYZER_NUMBER_OBJECT_CONVERSION = YES_AGGRESSIVE;
				CLANG_CXX_LANGUAGE_STANDARD = "gnu++14";
				CLANG_CXX_LIBRARY = "libc++";
				CLANG_ENABLE_MODULES = YES;
				CLANG_ENABLE_OBJC_ARC = YES;
				CLANG_ENABLE_OBJC_WEAK = YES;
				CLANG_WARN_BLOCK_CAPTURE_AUTORELEASING = YES;
				CLANG_WARN_BOOL_CONVERSION = YES;
				CLANG_WARN_COMMA = YES;
				CLANG_WARN_CONSTANT_CONVERSION = YES;
				CLANG_WARN_DEPRECATED_OBJC_IMPLEMENTATIONS = YES;
				CLANG_WARN_DIRECT_OBJC_ISA_USAGE = YES_ERROR;
				CLANG_WARN_DOCUMENTATION_COMMENTS = YES;
				CLANG_WARN_EMPTY_BODY = YES;
				CLANG_WARN_ENUM_CONVERSION = YES;
				CLANG_WARN_INFINITE_RECURSION = YES;
				CLANG_WARN_INT_CONVERSION = YES;
				CLANG_WARN_NON_LITERAL_NULL_CONVERSION = YES;
				CLANG_WARN_OBJC_IMPLICIT_RETAIN_SELF = YES;
				CLANG_WARN_OBJC_LITERAL_CONVERSION = YES;
				CLANG_WARN_OBJC_ROOT_CLASS = YES_ERROR;
				CLANG_WARN_QUOTED_INCLUDE_IN_FRAMEWORK_HEADER = YES;
				CLANG_WARN_RANGE_LOOP_ANALYSIS = YES;
				CLANG_WARN_STRICT_PROTOTYPES = YES;
				CLANG_WARN_SUSPICIOUS_MOVE = YES;
				CLANG_WARN_UNGUARDED_AVAILABILITY = YES_AGGRESSIVE;
				CLANG_WARN_UNREACHABLE_CODE = YES;
				CLANG_WARN__DUPLICATE_METHOD_MATCH = YES;
				COPY_PHASE_STRIP = NO;
				DEBUG_INFORMATION_FORMAT = dwarf;
				ENABLE_STRICT_OBJC_MSGSEND = YES;
				ENABLE_TESTABILITY = YES;
				GCC_C_LANGUAGE_STANDARD = gnu11;
				GCC_DYNAMIC_NO_PIC = NO;
				GCC_NO_COMMON_BLOCKS = YES;
				GCC_OPTIMIZATION_LEVEL = 0;
				GCC_PREPROCESSOR_DEFINITIONS = (
					"DEBUG=1",
					"$(inherited)",
				);
				GCC_WARN_64_TO_32_BIT_CONVERSION = YES;
				GCC_WARN_ABOUT_RETURN_TYPE = YES_ERROR;
				GCC_WARN_UNDECLARED_SELECTOR = YES;
				GCC_WARN_UNINITIALIZED_AUTOS = YES_AGGRESSIVE;
				GCC_WARN_UNUSED_FUNCTION = YES;
				GCC_WARN_UNUSED_VARIABLE = YES;
				IPHONEOS_DEPLOYMENT_TARGET = 14.4;
				MTL_ENABLE_DEBUG_INFO = INCLUDE_SOURCE;
				MTL_FAST_MATH = YES;
				ONLY_ACTIVE_ARCH = YES;
				SDKROOT = iphoneos;
				SWIFT_ACTIVE_COMPILATION_CONDITIONS = DEBUG;
				SWIFT_OPTIMIZATION_LEVEL = "-Onone";
			};
			name = Debug;
		};
		F3F9D16129EA2C1300F9CACF /* Release */ = {
			isa = XCBuildConfiguration;
			buildSettings = {
				ALWAYS_SEARCH_USER_PATHS = NO;
				CLANG_ANALYZER_NONNULL = YES;
				CLANG_ANALYZER_NUMBER_OBJECT_CONVERSION = YES_AGGRESSIVE;
				CLANG_CXX_LANGUAGE_STANDARD = "gnu++14";
				CLANG_CXX_LIBRARY = "libc++";
				CLANG_ENABLE_MODULES = YES;
				CLANG_ENABLE_OBJC_ARC = YES;
				CLANG_ENABLE_OBJC_WEAK = YES;
				CLANG_WARN_BLOCK_CAPTURE_AUTORELEASING = YES;
				CLANG_WARN_BOOL_CONVERSION = YES;
				CLANG_WARN_COMMA = YES;
				CLANG_WARN_CONSTANT_CONVERSION = YES;
				CLANG_WARN_DEPRECATED_OBJC_IMPLEMENTATIONS = YES;
				CLANG_WARN_DIRECT_OBJC_ISA_USAGE = YES_ERROR;
				CLANG_WARN_DOCUMENTATION_COMMENTS = YES;
				CLANG_WARN_EMPTY_BODY = YES;
				CLANG_WARN_ENUM_CONVERSION = YES;
				CLANG_WARN_INFINITE_RECURSION = YES;
				CLANG_WARN_INT_CONVERSION = YES;
				CLANG_WARN_NON_LITERAL_NULL_CONVERSION = YES;
				CLANG_WARN_OBJC_IMPLICIT_RETAIN_SELF = YES;
				CLANG_WARN_OBJC_LITERAL_CONVERSION = YES;
				CLANG_WARN_OBJC_ROOT_CLASS = YES_ERROR;
				CLANG_WARN_QUOTED_INCLUDE_IN_FRAMEWORK_HEADER = YES;
				CLANG_WARN_RANGE_LOOP_ANALYSIS = YES;
				CLANG_WARN_STRICT_PROTOTYPES = YES;
				CLANG_WARN_SUSPICIOUS_MOVE = YES;
				CLANG_WARN_UNGUARDED_AVAILABILITY = YES_AGGRESSIVE;
				CLANG_WARN_UNREACHABLE_CODE = YES;
				CLANG_WARN__DUPLICATE_METHOD_MATCH = YES;
				COPY_PHASE_STRIP = NO;
				DEBUG_INFORMATION_FORMAT = "dwarf-with-dsym";
				ENABLE_NS_ASSERTIONS = NO;
				ENABLE_STRICT_OBJC_MSGSEND = YES;
				GCC_C_LANGUAGE_STANDARD = gnu11;
				GCC_NO_COMMON_BLOCKS = YES;
				GCC_WARN_64_TO_32_BIT_CONVERSION = YES;
				GCC_WARN_ABOUT_RETURN_TYPE = YES_ERROR;
				GCC_WARN_UNDECLARED_SELECTOR = YES;
				GCC_WARN_UNINITIALIZED_AUTOS = YES_AGGRESSIVE;
				GCC_WARN_UNUSED_FUNCTION = YES;
				GCC_WARN_UNUSED_VARIABLE = YES;
				IPHONEOS_DEPLOYMENT_TARGET = 14.4;
				MTL_ENABLE_DEBUG_INFO = NO;
				MTL_FAST_MATH = YES;
				SDKROOT = iphoneos;
				SWIFT_COMPILATION_MODE = wholemodule;
				SWIFT_OPTIMIZATION_LEVEL = "-O";
				VALIDATE_PRODUCT = YES;
			};
			name = Release;
		};
		F3F9D16329EA2C1300F9CACF /* Debug */ = {
			isa = XCBuildConfiguration;
			buildSettings = {
				ASSETCATALOG_COMPILER_APPICON_NAME = AppIcon;
				ASSETCATALOG_COMPILER_GLOBAL_ACCENT_COLOR_NAME = AccentColor;
				CODE_SIGN_STYLE = Automatic;
				INFOPLIST_FILE = AnimalSound/Info.plist;
				LD_RUNPATH_SEARCH_PATHS = (
					"$(inherited)",
					"@executable_path/Frameworks",
				);
				PRODUCT_BUNDLE_IDENTIFIER = Khang.AnimalSound;
				PRODUCT_NAME = "$(TARGET_NAME)";
				SWIFT_VERSION = 5.0;
				TARGETED_DEVICE_FAMILY = "1,2";
			};
			name = Debug;
		};
		F3F9D16429EA2C1300F9CACF /* Release */ = {
			isa = XCBuildConfiguration;
			buildSettings = {
				ASSETCATALOG_COMPILER_APPICON_NAME = AppIcon;
				ASSETCATALOG_COMPILER_GLOBAL_ACCENT_COLOR_NAME = AccentColor;
				CODE_SIGN_STYLE = Automatic;
				INFOPLIST_FILE = AnimalSound/Info.plist;
				LD_RUNPATH_SEARCH_PATHS = (
					"$(inherited)",
					"@executable_path/Frameworks",
				);
				PRODUCT_BUNDLE_IDENTIFIER = Khang.AnimalSound;
				PRODUCT_NAME = "$(TARGET_NAME)";
				SWIFT_VERSION = 5.0;
				TARGETED_DEVICE_FAMILY = "1,2";
			};
			name = Release;
		};
		F3F9D16629EA2C1300F9CACF /* Debug */ = {
			isa = XCBuildConfiguration;
			buildSettings = {
				ALWAYS_EMBED_SWIFT_STANDARD_LIBRARIES = YES;
				BUNDLE_LOADER = "$(TEST_HOST)";
				CODE_SIGN_STYLE = Automatic;
				INFOPLIST_FILE = AnimalSoundTests/Info.plist;
				IPHONEOS_DEPLOYMENT_TARGET = 14.4;
				LD_RUNPATH_SEARCH_PATHS = (
					"$(inherited)",
					"@executable_path/Frameworks",
					"@loader_path/Frameworks",
				);
				PRODUCT_BUNDLE_IDENTIFIER = Khang.AnimalSoundTests;
				PRODUCT_NAME = "$(TARGET_NAME)";
				SWIFT_VERSION = 5.0;
				TARGETED_DEVICE_FAMILY = "1,2";
				TEST_HOST = "$(BUILT_PRODUCTS_DIR)/AnimalSound.app/AnimalSound";
			};
			name = Debug;
		};
		F3F9D16729EA2C1300F9CACF /* Release */ = {
			isa = XCBuildConfiguration;
			buildSettings = {
				ALWAYS_EMBED_SWIFT_STANDARD_LIBRARIES = YES;
				BUNDLE_LOADER = "$(TEST_HOST)";
				CODE_SIGN_STYLE = Automatic;
				INFOPLIST_FILE = AnimalSoundTests/Info.plist;
				IPHONEOS_DEPLOYMENT_TARGET = 14.4;
				LD_RUNPATH_SEARCH_PATHS = (
					"$(inherited)",
					"@executable_path/Frameworks",
					"@loader_path/Frameworks",
				);
				PRODUCT_BUNDLE_IDENTIFIER = Khang.AnimalSoundTests;
				PRODUCT_NAME = "$(TARGET_NAME)";
				SWIFT_VERSION = 5.0;
				TARGETED_DEVICE_FAMILY = "1,2";
				TEST_HOST = "$(BUILT_PRODUCTS_DIR)/AnimalSound.app/AnimalSound";
			};
			name = Release;
		};
		F3F9D16929EA2C1300F9CACF /* Debug */ = {
			isa = XCBuildConfiguration;
			buildSettings = {
				ALWAYS_EMBED_SWIFT_STANDARD_LIBRARIES = YES;
				CODE_SIGN_STYLE = Automatic;
				INFOPLIST_FILE = AnimalSoundUITests/Info.plist;
				LD_RUNPATH_SEARCH_PATHS = (
					"$(inherited)",
					"@executable_path/Frameworks",
					"@loader_path/Frameworks",
				);
				PRODUCT_BUNDLE_IDENTIFIER = Khang.AnimalSoundUITests;
				PRODUCT_NAME = "$(TARGET_NAME)";
				SWIFT_VERSION = 5.0;
				TARGETED_DEVICE_FAMILY = "1,2";
				TEST_TARGET_NAME = AnimalSound;
			};
			name = Debug;
		};
		F3F9D16A29EA2C1300F9CACF /* Release */ = {
			isa = XCBuildConfiguration;
			buildSettings = {
				ALWAYS_EMBED_SWIFT_STANDARD_LIBRARIES = YES;
				CODE_SIGN_STYLE = Automatic;
				INFOPLIST_FILE = AnimalSoundUITests/Info.plist;
				LD_RUNPATH_SEARCH_PATHS = (
					"$(inherited)",
					"@executable_path/Frameworks",
					"@loader_path/Frameworks",
				);
				PRODUCT_BUNDLE_IDENTIFIER = Khang.AnimalSoundUITests;
				PRODUCT_NAME = "$(TARGET_NAME)";
				SWIFT_VERSION = 5.0;
				TARGETED_DEVICE_FAMILY = "1,2";
				TEST_TARGET_NAME = AnimalSound;
			};
			name = Release;
		};
/* End XCBuildConfiguration section */

/* Begin XCConfigurationList section */
		F3F9D13329EA2C1100F9CACF /* Build configuration list for PBXProject "AnimalSound" */ = {
			isa = XCConfigurationList;
			buildConfigurations = (
				F3F9D16029EA2C1300F9CACF /* Debug */,
				F3F9D16129EA2C1300F9CACF /* Release */,
			);
			defaultConfigurationIsVisible = 0;
			defaultConfigurationName = Release;
		};
		F3F9D16229EA2C1300F9CACF /* Build configuration list for PBXNativeTarget "AnimalSound" */ = {
			isa = XCConfigurationList;
			buildConfigurations = (
				F3F9D16329EA2C1300F9CACF /* Debug */,
				F3F9D16429EA2C1300F9CACF /* Release */,
			);
			defaultConfigurationIsVisible = 0;
			defaultConfigurationName = Release;
		};
		F3F9D16529EA2C1300F9CACF /* Build configuration list for PBXNativeTarget "AnimalSoundTests" */ = {
			isa = XCConfigurationList;
			buildConfigurations = (
				F3F9D16629EA2C1300F9CACF /* Debug */,
				F3F9D16729EA2C1300F9CACF /* Release */,
			);
			defaultConfigurationIsVisible = 0;
			defaultConfigurationName = Release;
		};
		F3F9D16829EA2C1300F9CACF /* Build configuration list for PBXNativeTarget "AnimalSoundUITests" */ = {
			isa = XCConfigurationList;
			buildConfigurations = (
				F3F9D16929EA2C1300F9CACF /* Debug */,
				F3F9D16A29EA2C1300F9CACF /* Release */,
			);
			defaultConfigurationIsVisible = 0;
			defaultConfigurationName = Release;
		};
/* End XCConfigurationList section */
	};
	rootObject = F3F9D13029EA2C1100F9CACF /* Project object */;
}
