// !$*UTF8*$!
{
	archiveVersion = 1;
	classes = {
	};
	objectVersion = 50;
	objects = {

/* Begin PBXBuildFile section */
		F33DCB9629EA978A007D8871 /* AppDelegate.swift in Sources */ = {isa = PBXBuildFile; fileRef = F33DCB9529EA978A007D8871 /* AppDelegate.swift */; };
		F33DCB9829EA978A007D8871 /* SceneDelegate.swift in Sources */ = {isa = PBXBuildFile; fileRef = F33DCB9729EA978A007D8871 /* SceneDelegate.swift */; };
		F33DCB9A29EA978A007D8871 /* ViewController.swift in Sources */ = {isa = PBXBuildFile; fileRef = F33DCB9929EA978A007D8871 /* ViewController.swift */; };
		F33DCB9D29EA978A007D8871 /* Main.storyboard in Resources */ = {isa = PBXBuildFile; fileRef = F33DCB9B29EA978A007D8871 /* Main.storyboard */; };
		F33DCB9F29EA978E007D8871 /* Assets.xcassets in Resources */ = {isa = PBXBuildFile; fileRef = F33DCB9E29EA978E007D8871 /* Assets.xcassets */; };
		F33DCBA229EA978E007D8871 /* LaunchScreen.storyboard in Resources */ = {isa = PBXBuildFile; fileRef = F33DCBA029EA978E007D8871 /* LaunchScreen.storyboard */; };
		F33DCBAD29EA978F007D8871 /* ApplePieTests.swift in Sources */ = {isa = PBXBuildFile; fileRef = F33DCBAC29EA978F007D8871 /* ApplePieTests.swift */; };
		F33DCBB829EA978F007D8871 /* ApplePieUITests.swift in Sources */ = {isa = PBXBuildFile; fileRef = F33DCBB729EA978F007D8871 /* ApplePieUITests.swift */; };
		F33DCBCC29EAA0D9007D8871 /* Game.swift in Sources */ = {isa = PBXBuildFile; fileRef = F33DCBCB29EAA0D9007D8871 /* Game.swift */; };
/* End PBXBuildFile section */

/* Begin PBXContainerItemProxy section */
		F33DCBA929EA978F007D8871 /* PBXContainerItemProxy */ = {
			isa = PBXContainerItemProxy;
			containerPortal = F33DCB8A29EA9789007D8871 /* Project object */;
			proxyType = 1;
			remoteGlobalIDString = F33DCB9129EA978A007D8871;
			remoteInfo = ApplePie;
		};
		F33DCBB429EA978F007D8871 /* PBXContainerItemProxy */ = {
			isa = PBXContainerItemProxy;
			containerPortal = F33DCB8A29EA9789007D8871 /* Project object */;
			proxyType = 1;
			remoteGlobalIDString = F33DCB9129EA978A007D8871;
			remoteInfo = ApplePie;
		};
/* End PBXContainerItemProxy section */

/* Begin PBXFileReference section */
		F33DCB9229EA978A007D8871 /* ApplePie.app */ = {isa = PBXFileReference; explicitFileType = wrapper.application; includeInIndex = 0; path = ApplePie.app; sourceTree = BUILT_PRODUCTS_DIR; };
		F33DCB9529EA978A007D8871 /* AppDelegate.swift */ = {isa = PBXFileReference; lastKnownFileType = sourcecode.swift; path = AppDelegate.swift; sourceTree = "<group>"; };
		F33DCB9729EA978A007D8871 /* SceneDelegate.swift */ = {isa = PBXFileReference; lastKnownFileType = sourcecode.swift; path = SceneDelegate.swift; sourceTree = "<group>"; };
		F33DCB9929EA978A007D8871 /* ViewController.swift */ = {isa = PBXFileReference; lastKnownFileType = sourcecode.swift; path = ViewController.swift; sourceTree = "<group>"; };
		F33DCB9C29EA978A007D8871 /* Base */ = {isa = PBXFileReference; lastKnownFileType = file.storyboard; name = Base; path = Base.lproj/Main.storyboard; sourceTree = "<group>"; };
		F33DCB9E29EA978E007D8871 /* Assets.xcassets */ = {isa = PBXFileReference; lastKnownFileType = folder.assetcatalog; path = Assets.xcassets; sourceTree = "<group>"; };
		F33DCBA129EA978E007D8871 /* Base */ = {isa = PBXFileReference; lastKnownFileType = file.storyboard; name = Base; path = Base.lproj/LaunchScreen.storyboard; sourceTree = "<group>"; };
		F33DCBA329EA978E007D8871 /* Info.plist */ = {isa = PBXFileReference; lastKnownFileType = text.plist.xml; path = Info.plist; sourceTree = "<group>"; };
		F33DCBA829EA978F007D8871 /* ApplePieTests.xctest */ = {isa = PBXFileReference; explicitFileType = wrapper.cfbundle; includeInIndex = 0; path = ApplePieTests.xctest; sourceTree = BUILT_PRODUCTS_DIR; };
		F33DCBAC29EA978F007D8871 /* ApplePieTests.swift */ = {isa = PBXFileReference; lastKnownFileType = sourcecode.swift; path = ApplePieTests.swift; sourceTree = "<group>"; };
		F33DCBAE29EA978F007D8871 /* Info.plist */ = {isa = PBXFileReference; lastKnownFileType = text.plist.xml; path = Info.plist; sourceTree = "<group>"; };
		F33DCBB329EA978F007D8871 /* ApplePieUITests.xctest */ = {isa = PBXFileReference; explicitFileType = wrapper.cfbundle; includeInIndex = 0; path = ApplePieUITests.xctest; sourceTree = BUILT_PRODUCTS_DIR; };
		F33DCBB729EA978F007D8871 /* ApplePieUITests.swift */ = {isa = PBXFileReference; lastKnownFileType = sourcecode.swift; path = ApplePieUITests.swift; sourceTree = "<group>"; };
		F33DCBB929EA978F007D8871 /* Info.plist */ = {isa = PBXFileReference; lastKnownFileType = text.plist.xml; path = Info.plist; sourceTree = "<group>"; };
		F33DCBCB29EAA0D9007D8871 /* Game.swift */ = {isa = PBXFileReference; lastKnownFileType = sourcecode.swift; path = Game.swift; sourceTree = "<group>"; };
/* End PBXFileReference section */

/* Begin PBXFrameworksBuildPhase section */
		F33DCB8F29EA978A007D8871 /* Frameworks */ = {
			isa = PBXFrameworksBuildPhase;
			buildActionMask = 2147483647;
			files = (
			);
			runOnlyForDeploymentPostprocessing = 0;
		};
		F33DCBA529EA978F007D8871 /* Frameworks */ = {
			isa = PBXFrameworksBuildPhase;
			buildActionMask = 2147483647;
			files = (
			);
			runOnlyForDeploymentPostprocessing = 0;
		};
		F33DCBB029EA978F007D8871 /* Frameworks */ = {
			isa = PBXFrameworksBuildPhase;
			buildActionMask = 2147483647;
			files = (
			);
			runOnlyForDeploymentPostprocessing = 0;
		};
/* End PBXFrameworksBuildPhase section */

/* Begin PBXGroup section */
		F33DCB8929EA9789007D8871 = {
			isa = PBXGroup;
			children = (
				F33DCB9429EA978A007D8871 /* ApplePie */,
				F33DCBAB29EA978F007D8871 /* ApplePieTests */,
				F33DCBB629EA978F007D8871 /* ApplePieUITests */,
				F33DCB9329EA978A007D8871 /* Products */,
			);
			sourceTree = "<group>";
		};
		F33DCB9329EA978A007D8871 /* Products */ = {
			isa = PBXGroup;
			children = (
				F33DCB9229EA978A007D8871 /* ApplePie.app */,
				F33DCBA829EA978F007D8871 /* ApplePieTests.xctest */,
				F33DCBB329EA978F007D8871 /* ApplePieUITests.xctest */,
			);
			name = Products;
			sourceTree = "<group>";
		};
		F33DCB9429EA978A007D8871 /* ApplePie */ = {
			isa = PBXGroup;
			children = (
				F33DCB9529EA978A007D8871 /* AppDelegate.swift */,
				F33DCB9729EA978A007D8871 /* SceneDelegate.swift */,
				F33DCB9929EA978A007D8871 /* ViewController.swift */,
				F33DCB9B29EA978A007D8871 /* Main.storyboard */,
				F33DCB9E29EA978E007D8871 /* Assets.xcassets */,
				F33DCBA029EA978E007D8871 /* LaunchScreen.storyboard */,
				F33DCBA329EA978E007D8871 /* Info.plist */,
				F33DCBCB29EAA0D9007D8871 /* Game.swift */,
			);
			path = ApplePie;
			sourceTree = "<group>";
		};
		F33DCBAB29EA978F007D8871 /* ApplePieTests */ = {
			isa = PBXGroup;
			children = (
				F33DCBAC29EA978F007D8871 /* ApplePieTests.swift */,
				F33DCBAE29EA978F007D8871 /* Info.plist */,
			);
			path = ApplePieTests;
			sourceTree = "<group>";
		};
		F33DCBB629EA978F007D8871 /* ApplePieUITests */ = {
			isa = PBXGroup;
			children = (
				F33DCBB729EA978F007D8871 /* ApplePieUITests.swift */,
				F33DCBB929EA978F007D8871 /* Info.plist */,
			);
			path = ApplePieUITests;
			sourceTree = "<group>";
		};
/* End PBXGroup section */

/* Begin PBXNativeTarget section */
		F33DCB9129EA978A007D8871 /* ApplePie */ = {
			isa = PBXNativeTarget;
			buildConfigurationList = F33DCBBC29EA978F007D8871 /* Build configuration list for PBXNativeTarget "ApplePie" */;
			buildPhases = (
				F33DCB8E29EA978A007D8871 /* Sources */,
				F33DCB8F29EA978A007D8871 /* Frameworks */,
				F33DCB9029EA978A007D8871 /* Resources */,
			);
			buildRules = (
			);
			dependencies = (
			);
			name = ApplePie;
			productName = ApplePie;
			productReference = F33DCB9229EA978A007D8871 /* ApplePie.app */;
			productType = "com.apple.product-type.application";
		};
		F33DCBA729EA978F007D8871 /* ApplePieTests */ = {
			isa = PBXNativeTarget;
			buildConfigurationList = F33DCBBF29EA978F007D8871 /* Build configuration list for PBXNativeTarget "ApplePieTests" */;
			buildPhases = (
				F33DCBA429EA978F007D8871 /* Sources */,
				F33DCBA529EA978F007D8871 /* Frameworks */,
				F33DCBA629EA978F007D8871 /* Resources */,
			);
			buildRules = (
			);
			dependencies = (
				F33DCBAA29EA978F007D8871 /* PBXTargetDependency */,
			);
			name = ApplePieTests;
			productName = ApplePieTests;
			productReference = F33DCBA829EA978F007D8871 /* ApplePieTests.xctest */;
			productType = "com.apple.product-type.bundle.unit-test";
		};
		F33DCBB229EA978F007D8871 /* ApplePieUITests */ = {
			isa = PBXNativeTarget;
			buildConfigurationList = F33DCBC229EA978F007D8871 /* Build configuration list for PBXNativeTarget "ApplePieUITests" */;
			buildPhases = (
				F33DCBAF29EA978F007D8871 /* Sources */,
				F33DCBB029EA978F007D8871 /* Frameworks */,
				F33DCBB129EA978F007D8871 /* Resources */,
			);
			buildRules = (
			);
			dependencies = (
				F33DCBB529EA978F007D8871 /* PBXTargetDependency */,
			);
			name = ApplePieUITests;
			productName = ApplePieUITests;
			productReference = F33DCBB329EA978F007D8871 /* ApplePieUITests.xctest */;
			productType = "com.apple.product-type.bundle.ui-testing";
		};
/* End PBXNativeTarget section */

/* Begin PBXProject section */
		F33DCB8A29EA9789007D8871 /* Project object */ = {
			isa = PBXProject;
			attributes = {
				LastSwiftUpdateCheck = 1240;
				LastUpgradeCheck = 1240;
				TargetAttributes = {
					F33DCB9129EA978A007D8871 = {
						CreatedOnToolsVersion = 12.4;
					};
					F33DCBA729EA978F007D8871 = {
						CreatedOnToolsVersion = 12.4;
						TestTargetID = F33DCB9129EA978A007D8871;
					};
					F33DCBB229EA978F007D8871 = {
						CreatedOnToolsVersion = 12.4;
						TestTargetID = F33DCB9129EA978A007D8871;
					};
				};
			};
			buildConfigurationList = F33DCB8D29EA978A007D8871 /* Build configuration list for PBXProject "ApplePie" */;
			compatibilityVersion = "Xcode 9.3";
			developmentRegion = en;
			hasScannedForEncodings = 0;
			knownRegions = (
				en,
				Base,
			);
			mainGroup = F33DCB8929EA9789007D8871;
			productRefGroup = F33DCB9329EA978A007D8871 /* Products */;
			projectDirPath = "";
			projectRoot = "";
			targets = (
				F33DCB9129EA978A007D8871 /* ApplePie */,
				F33DCBA729EA978F007D8871 /* ApplePieTests */,
				F33DCBB229EA978F007D8871 /* ApplePieUITests */,
			);
		};
/* End PBXProject section */

/* Begin PBXResourcesBuildPhase section */
		F33DCB9029EA978A007D8871 /* Resources */ = {
			isa = PBXResourcesBuildPhase;
			buildActionMask = 2147483647;
			files = (
				F33DCBA229EA978E007D8871 /* LaunchScreen.storyboard in Resources */,
				F33DCB9F29EA978E007D8871 /* Assets.xcassets in Resources */,
				F33DCB9D29EA978A007D8871 /* Main.storyboard in Resources */,
			);
			runOnlyForDeploymentPostprocessing = 0;
		};
		F33DCBA629EA978F007D8871 /* Resources */ = {
			isa = PBXResourcesBuildPhase;
			buildActionMask = 2147483647;
			files = (
			);
			runOnlyForDeploymentPostprocessing = 0;
		};
		F33DCBB129EA978F007D8871 /* Resources */ = {
			isa = PBXResourcesBuildPhase;
			buildActionMask = 2147483647;
			files = (
			);
			runOnlyForDeploymentPostprocessing = 0;
		};
/* End PBXResourcesBuildPhase section */

/* Begin PBXSourcesBuildPhase section */
		F33DCB8E29EA978A007D8871 /* Sources */ = {
			isa = PBXSourcesBuildPhase;
			buildActionMask = 2147483647;
			files = (
				F33DCB9A29EA978A007D8871 /* ViewController.swift in Sources */,
				F33DCB9629EA978A007D8871 /* AppDelegate.swift in Sources */,
				F33DCB9829EA978A007D8871 /* SceneDelegate.swift in Sources */,
				F33DCBCC29EAA0D9007D8871 /* Game.swift in Sources */,
			);
			runOnlyForDeploymentPostprocessing = 0;
		};
		F33DCBA429EA978F007D8871 /* Sources */ = {
			isa = PBXSourcesBuildPhase;
			buildActionMask = 2147483647;
			files = (
				F33DCBAD29EA978F007D8871 /* ApplePieTests.swift in Sources */,
			);
			runOnlyForDeploymentPostprocessing = 0;
		};
		F33DCBAF29EA978F007D8871 /* Sources */ = {
			isa = PBXSourcesBuildPhase;
			buildActionMask = 2147483647;
			files = (
				F33DCBB829EA978F007D8871 /* ApplePieUITests.swift in Sources */,
			);
			runOnlyForDeploymentPostprocessing = 0;
		};
/* End PBXSourcesBuildPhase section */

/* Begin PBXTargetDependency section */
		F33DCBAA29EA978F007D8871 /* PBXTargetDependency */ = {
			isa = PBXTargetDependency;
			target = F33DCB9129EA978A007D8871 /* ApplePie */;
			targetProxy = F33DCBA929EA978F007D8871 /* PBXContainerItemProxy */;
		};
		F33DCBB529EA978F007D8871 /* PBXTargetDependency */ = {
			isa = PBXTargetDependency;
			target = F33DCB9129EA978A007D8871 /* ApplePie */;
			targetProxy = F33DCBB429EA978F007D8871 /* PBXContainerItemProxy */;
		};
/* End PBXTargetDependency section */

/* Begin PBXVariantGroup section */
		F33DCB9B29EA978A007D8871 /* Main.storyboard */ = {
			isa = PBXVariantGroup;
			children = (
				F33DCB9C29EA978A007D8871 /* Base */,
			);
			name = Main.storyboard;
			sourceTree = "<group>";
		};
		F33DCBA029EA978E007D8871 /* LaunchScreen.storyboard */ = {
			isa = PBXVariantGroup;
			children = (
				F33DCBA129EA978E007D8871 /* Base */,
			);
			name = LaunchScreen.storyboard;
			sourceTree = "<group>";
		};
/* End PBXVariantGroup section */

/* Begin XCBuildConfiguration section */
		F33DCBBA29EA978F007D8871 /* Debug */ = {
			isa = XCBuildConfiguration;
			buildSettings = {
				ALWAYS_SEARCH_USER_PATHS = NO;
				CLANG_ANALYZER_NONNULL = YES;
				CLANG_ANALYZER_NUMBER_OBJECT_CONVERSION = YES_AGGRESSIVE;
				CLANG_CXX_LANGUAGE_STANDARD = "gnu++14";
				CLANG_CXX_LIBRARY = "libc++";
				CLANG_ENABLE_MODULES = YES;
				CLANG_ENABLE_OBJC_ARC = YES;
				CLANG_ENABLE_OBJC_WEAK = YES;
				CLANG_WARN_BLOCK_CAPTURE_AUTORELEASING = YES;
				CLANG_WARN_BOOL_CONVERSION = YES;
				CLANG_WARN_COMMA = YES;
				CLANG_WARN_CONSTANT_CONVERSION = YES;
				CLANG_WARN_DEPRECATED_OBJC_IMPLEMENTATIONS = YES;
				CLANG_WARN_DIRECT_OBJC_ISA_USAGE = YES_ERROR;
				CLANG_WARN_DOCUMENTATION_COMMENTS = YES;
				CLANG_WARN_EMPTY_BODY = YES;
				CLANG_WARN_ENUM_CONVERSION = YES;
				CLANG_WARN_INFINITE_RECURSION = YES;
				CLANG_WARN_INT_CONVERSION = YES;
				CLANG_WARN_NON_LITERAL_NULL_CONVERSION = YES;
				CLANG_WARN_OBJC_IMPLICIT_RETAIN_SELF = YES;
				CLANG_WARN_OBJC_LITERAL_CONVERSION = YES;
				CLANG_WARN_OBJC_ROOT_CLASS = YES_ERROR;
				CLANG_WARN_QUOTED_INCLUDE_IN_FRAMEWORK_HEADER = YES;
				CLANG_WARN_RANGE_LOOP_ANALYSIS = YES;
				CLANG_WARN_STRICT_PROTOTYPES = YES;
				CLANG_WARN_SUSPICIOUS_MOVE = YES;
				CLANG_WARN_UNGUARDED_AVAILABILITY = YES_AGGRESSIVE;
				CLANG_WARN_UNREACHABLE_CODE = YES;
				CLANG_WARN__DUPLICATE_METHOD_MATCH = YES;
				COPY_PHASE_STRIP = NO;
				DEBUG_INFORMATION_FORMAT = dwarf;
				ENABLE_STRICT_OBJC_MSGSEND = YES;
				ENABLE_TESTABILITY = YES;
				GCC_C_LANGUAGE_STANDARD = gnu11;
				GCC_DYNAMIC_NO_PIC = NO;
				GCC_NO_COMMON_BLOCKS = YES;
				GCC_OPTIMIZATION_LEVEL = 0;
				GCC_PREPROCESSOR_DEFINITIONS = (
					"DEBUG=1",
					"$(inherited)",
				);
				GCC_WARN_64_TO_32_BIT_CONVERSION = YES;
				GCC_WARN_ABOUT_RETURN_TYPE = YES_ERROR;
				GCC_WARN_UNDECLARED_SELECTOR = YES;
				GCC_WARN_UNINITIALIZED_AUTOS = YES_AGGRESSIVE;
				GCC_WARN_UNUSED_FUNCTION = YES;
				GCC_WARN_UNUSED_VARIABLE = YES;
				IPHONEOS_DEPLOYMENT_TARGET = 14.4;
				MTL_ENABLE_DEBUG_INFO = INCLUDE_SOURCE;
				MTL_FAST_MATH = YES;
				ONLY_ACTIVE_ARCH = YES;
				SDKROOT = iphoneos;
				SWIFT_ACTIVE_COMPILATION_CONDITIONS = DEBUG;
				SWIFT_OPTIMIZATION_LEVEL = "-Onone";
			};
			name = Debug;
		};
		F33DCBBB29EA978F007D8871 /* Release */ = {
			isa = XCBuildConfiguration;
			buildSettings = {
				ALWAYS_SEARCH_USER_PATHS = NO;
				CLANG_ANALYZER_NONNULL = YES;
				CLANG_ANALYZER_NUMBER_OBJECT_CONVERSION = YES_AGGRESSIVE;
				CLANG_CXX_LANGUAGE_STANDARD = "gnu++14";
				CLANG_CXX_LIBRARY = "libc++";
				CLANG_ENABLE_MODULES = YES;
				CLANG_ENABLE_OBJC_ARC = YES;
				CLANG_ENABLE_OBJC_WEAK = YES;
				CLANG_WARN_BLOCK_CAPTURE_AUTORELEASING = YES;
				CLANG_WARN_BOOL_CONVERSION = YES;
				CLANG_WARN_COMMA = YES;
				CLANG_WARN_CONSTANT_CONVERSION = YES;
				CLANG_WARN_DEPRECATED_OBJC_IMPLEMENTATIONS = YES;
				CLANG_WARN_DIRECT_OBJC_ISA_USAGE = YES_ERROR;
				CLANG_WARN_DOCUMENTATION_COMMENTS = YES;
				CLANG_WARN_EMPTY_BODY = YES;
				CLANG_WARN_ENUM_CONVERSION = YES;
				CLANG_WARN_INFINITE_RECURSION = YES;
				CLANG_WARN_INT_CONVERSION = YES;
				CLANG_WARN_NON_LITERAL_NULL_CONVERSION = YES;
				CLANG_WARN_OBJC_IMPLICIT_RETAIN_SELF = YES;
				CLANG_WARN_OBJC_LITERAL_CONVERSION = YES;
				CLANG_WARN_OBJC_ROOT_CLASS = YES_ERROR;
				CLANG_WARN_QUOTED_INCLUDE_IN_FRAMEWORK_HEADER = YES;
				CLANG_WARN_RANGE_LOOP_ANALYSIS = YES;
				CLANG_WARN_STRICT_PROTOTYPES = YES;
				CLANG_WARN_SUSPICIOUS_MOVE = YES;
				CLANG_WARN_UNGUARDED_AVAILABILITY = YES_AGGRESSIVE;
				CLANG_WARN_UNREACHABLE_CODE = YES;
				CLANG_WARN__DUPLICATE_METHOD_MATCH = YES;
				COPY_PHASE_STRIP = NO;
				DEBUG_INFORMATION_FORMAT = "dwarf-with-dsym";
				ENABLE_NS_ASSERTIONS = NO;
				ENABLE_STRICT_OBJC_MSGSEND = YES;
				GCC_C_LANGUAGE_STANDARD = gnu11;
				GCC_NO_COMMON_BLOCKS = YES;
				GCC_WARN_64_TO_32_BIT_CONVERSION = YES;
				GCC_WARN_ABOUT_RETURN_TYPE = YES_ERROR;
				GCC_WARN_UNDECLARED_SELECTOR = YES;
				GCC_WARN_UNINITIALIZED_AUTOS = YES_AGGRESSIVE;
				GCC_WARN_UNUSED_FUNCTION = YES;
				GCC_WARN_UNUSED_VARIABLE = YES;
				IPHONEOS_DEPLOYMENT_TARGET = 14.4;
				MTL_ENABLE_DEBUG_INFO = NO;
				MTL_FAST_MATH = YES;
				SDKROOT = iphoneos;
				SWIFT_COMPILATION_MODE = wholemodule;
				SWIFT_OPTIMIZATION_LEVEL = "-O";
				VALIDATE_PRODUCT = YES;
			};
			name = Release;
		};
		F33DCBBD29EA978F007D8871 /* Debug */ = {
			isa = XCBuildConfiguration;
			buildSettings = {
				ASSETCATALOG_COMPILER_APPICON_NAME = AppIcon;
				ASSETCATALOG_COMPILER_GLOBAL_ACCENT_COLOR_NAME = AccentColor;
				CODE_SIGN_STYLE = Automatic;
				INFOPLIST_FILE = ApplePie/Info.plist;
				LD_RUNPATH_SEARCH_PATHS = (
					"$(inherited)",
					"@executable_path/Frameworks",
				);
				PRODUCT_BUNDLE_IDENTIFIER = Khang.ApplePie;
				PRODUCT_NAME = "$(TARGET_NAME)";
				SWIFT_VERSION = 5.0;
				TARGETED_DEVICE_FAMILY = 2;
			};
			name = Debug;
		};
		F33DCBBE29EA978F007D8871 /* Release */ = {
			isa = XCBuildConfiguration;
			buildSettings = {
				ASSETCATALOG_COMPILER_APPICON_NAME = AppIcon;
				ASSETCATALOG_COMPILER_GLOBAL_ACCENT_COLOR_NAME = AccentColor;
				CODE_SIGN_STYLE = Automatic;
				INFOPLIST_FILE = ApplePie/Info.plist;
				LD_RUNPATH_SEARCH_PATHS = (
					"$(inherited)",
					"@executable_path/Frameworks",
				);
				PRODUCT_BUNDLE_IDENTIFIER = Khang.ApplePie;
				PRODUCT_NAME = "$(TARGET_NAME)";
				SWIFT_VERSION = 5.0;
				TARGETED_DEVICE_FAMILY = 2;
			};
			name = Release;
		};
		F33DCBC029EA978F007D8871 /* Debug */ = {
			isa = XCBuildConfiguration;
			buildSettings = {
				ALWAYS_EMBED_SWIFT_STANDARD_LIBRARIES = YES;
				BUNDLE_LOADER = "$(TEST_HOST)";
				CODE_SIGN_STYLE = Automatic;
				INFOPLIST_FILE = ApplePieTests/Info.plist;
				IPHONEOS_DEPLOYMENT_TARGET = 14.4;
				LD_RUNPATH_SEARCH_PATHS = (
					"$(inherited)",
					"@executable_path/Frameworks",
					"@loader_path/Frameworks",
				);
				PRODUCT_BUNDLE_IDENTIFIER = Khang.ApplePieTests;
				PRODUCT_NAME = "$(TARGET_NAME)";
				SWIFT_VERSION = 5.0;
				TARGETED_DEVICE_FAMILY = "1,2";
				TEST_HOST = "$(BUILT_PRODUCTS_DIR)/ApplePie.app/ApplePie";
			};
			name = Debug;
		};
		F33DCBC129EA978F007D8871 /* Release */ = {
			isa = XCBuildConfiguration;
			buildSettings = {
				ALWAYS_EMBED_SWIFT_STANDARD_LIBRARIES = YES;
				BUNDLE_LOADER = "$(TEST_HOST)";
				CODE_SIGN_STYLE = Automatic;
				INFOPLIST_FILE = ApplePieTests/Info.plist;
				IPHONEOS_DEPLOYMENT_TARGET = 14.4;
				LD_RUNPATH_SEARCH_PATHS = (
					"$(inherited)",
					"@executable_path/Frameworks",
					"@loader_path/Frameworks",
				);
				PRODUCT_BUNDLE_IDENTIFIER = Khang.ApplePieTests;
				PRODUCT_NAME = "$(TARGET_NAME)";
				SWIFT_VERSION = 5.0;
				TARGETED_DEVICE_FAMILY = "1,2";
				TEST_HOST = "$(BUILT_PRODUCTS_DIR)/ApplePie.app/ApplePie";
			};
			name = Release;
		};
		F33DCBC329EA978F007D8871 /* Debug */ = {
			isa = XCBuildConfiguration;
			buildSettings = {
				ALWAYS_EMBED_SWIFT_STANDARD_LIBRARIES = YES;
				CODE_SIGN_STYLE = Automatic;
				INFOPLIST_FILE = ApplePieUITests/Info.plist;
				LD_RUNPATH_SEARCH_PATHS = (
					"$(inherited)",
					"@executable_path/Frameworks",
					"@loader_path/Frameworks",
				);
				PRODUCT_BUNDLE_IDENTIFIER = Khang.ApplePieUITests;
				PRODUCT_NAME = "$(TARGET_NAME)";
				SWIFT_VERSION = 5.0;
				TARGETED_DEVICE_FAMILY = "1,2";
				TEST_TARGET_NAME = ApplePie;
			};
			name = Debug;
		};
		F33DCBC429EA978F007D8871 /* Release */ = {
			isa = XCBuildConfiguration;
			buildSettings = {
				ALWAYS_EMBED_SWIFT_STANDARD_LIBRARIES = YES;
				CODE_SIGN_STYLE = Automatic;
				INFOPLIST_FILE = ApplePieUITests/Info.plist;
				LD_RUNPATH_SEARCH_PATHS = (
					"$(inherited)",
					"@executable_path/Frameworks",
					"@loader_path/Frameworks",
				);
				PRODUCT_BUNDLE_IDENTIFIER = Khang.ApplePieUITests;
				PRODUCT_NAME = "$(TARGET_NAME)";
				SWIFT_VERSION = 5.0;
				TARGETED_DEVICE_FAMILY = "1,2";
				TEST_TARGET_NAME = ApplePie;
			};
			name = Release;
		};
/* End XCBuildConfiguration section */

/* Begin XCConfigurationList section */
		F33DCB8D29EA978A007D8871 /* Build configuration list for PBXProject "ApplePie" */ = {
			isa = XCConfigurationList;
			buildConfigurations = (
				F33DCBBA29EA978F007D8871 /* Debug */,
				F33DCBBB29EA978F007D8871 /* Release */,
			);
			defaultConfigurationIsVisible = 0;
			defaultConfigurationName = Release;
		};
		F33DCBBC29EA978F007D8871 /* Build configuration list for PBXNativeTarget "ApplePie" */ = {
			isa = XCConfigurationList;
			buildConfigurations = (
				F33DCBBD29EA978F007D8871 /* Debug */,
				F33DCBBE29EA978F007D8871 /* Release */,
			);
			defaultConfigurationIsVisible = 0;
			defaultConfigurationName = Release;
		};
		F33DCBBF29EA978F007D8871 /* Build configuration list for PBXNativeTarget "ApplePieTests" */ = {
			isa = XCConfigurationList;
			buildConfigurations = (
				F33DCBC029EA978F007D8871 /* Debug */,
				F33DCBC129EA978F007D8871 /* Release */,
			);
			defaultConfigurationIsVisible = 0;
			defaultConfigurationName = Release;
		};
		F33DCBC229EA978F007D8871 /* Build configuration list for PBXNativeTarget "ApplePieUITests" */ = {
			isa = XCConfigurationList;
			buildConfigurations = (
				F33DCBC329EA978F007D8871 /* Debug */,
				F33DCBC429EA978F007D8871 /* Release */,
			);
			defaultConfigurationIsVisible = 0;
			defaultConfigurationName = Release;
		};
/* End XCConfigurationList section */
	};
	rootObject = F33DCB8A29EA9789007D8871 /* Project object */;
}
