// !$*UTF8*$!
{
	archiveVersion = 1;
	classes = {
	};
	objectVersion = 50;
	objects = {

/* Begin PBXBuildFile section */
		F33CF12A2A064625009A74C0 /* AppDelegate.swift in Sources */ = {isa = PBXBuildFile; fileRef = F33CF1292A064625009A74C0 /* AppDelegate.swift */; };
		F33CF12C2A064625009A74C0 /* SceneDelegate.swift in Sources */ = {isa = PBXBuildFile; fileRef = F33CF12B2A064625009A74C0 /* SceneDelegate.swift */; };
		F33CF12E2A064625009A74C0 /* ViewController.swift in Sources */ = {isa = PBXBuildFile; fileRef = F33CF12D2A064625009A74C0 /* ViewController.swift */; };
		F33CF1312A064625009A74C0 /* Main.storyboard in Resources */ = {isa = PBXBuildFile; fileRef = F33CF12F2A064625009A74C0 /* Main.storyboard */; };
		F33CF1332A06462B009A74C0 /* Assets.xcassets in Resources */ = {isa = PBXBuildFile; fileRef = F33CF1322A06462B009A74C0 /* Assets.xcassets */; };
		F33CF1362A06462B009A74C0 /* LaunchScreen.storyboard in Resources */ = {isa = PBXBuildFile; fileRef = F33CF1342A06462B009A74C0 /* LaunchScreen.storyboard */; };
		F33CF1412A06462C009A74C0 /* scrollViewTests.swift in Sources */ = {isa = PBXBuildFile; fileRef = F33CF1402A06462C009A74C0 /* scrollViewTests.swift */; };
		F33CF14C2A06462C009A74C0 /* scrollViewUITests.swift in Sources */ = {isa = PBXBuildFile; fileRef = F33CF14B2A06462C009A74C0 /* scrollViewUITests.swift */; };
/* End PBXBuildFile section */

/* Begin PBXContainerItemProxy section */
		F33CF13D2A06462C009A74C0 /* PBXContainerItemProxy */ = {
			isa = PBXContainerItemProxy;
			containerPortal = F33CF11E2A064625009A74C0 /* Project object */;
			proxyType = 1;
			remoteGlobalIDString = F33CF1252A064625009A74C0;
			remoteInfo = scrollView;
		};
		F33CF1482A06462C009A74C0 /* PBXContainerItemProxy */ = {
			isa = PBXContainerItemProxy;
			containerPortal = F33CF11E2A064625009A74C0 /* Project object */;
			proxyType = 1;
			remoteGlobalIDString = F33CF1252A064625009A74C0;
			remoteInfo = scrollView;
		};
/* End PBXContainerItemProxy section */

/* Begin PBXFileReference section */
		F33CF1262A064625009A74C0 /* scrollView.app */ = {isa = PBXFileReference; explicitFileType = wrapper.application; includeInIndex = 0; path = scrollView.app; sourceTree = BUILT_PRODUCTS_DIR; };
		F33CF1292A064625009A74C0 /* AppDelegate.swift */ = {isa = PBXFileReference; lastKnownFileType = sourcecode.swift; path = AppDelegate.swift; sourceTree = "<group>"; };
		F33CF12B2A064625009A74C0 /* SceneDelegate.swift */ = {isa = PBXFileReference; lastKnownFileType = sourcecode.swift; path = SceneDelegate.swift; sourceTree = "<group>"; };
		F33CF12D2A064625009A74C0 /* ViewController.swift */ = {isa = PBXFileReference; lastKnownFileType = sourcecode.swift; path = ViewController.swift; sourceTree = "<group>"; };
		F33CF1302A064625009A74C0 /* Base */ = {isa = PBXFileReference; lastKnownFileType = file.storyboard; name = Base; path = Base.lproj/Main.storyboard; sourceTree = "<group>"; };
		F33CF1322A06462B009A74C0 /* Assets.xcassets */ = {isa = PBXFileReference; lastKnownFileType = folder.assetcatalog; path = Assets.xcassets; sourceTree = "<group>"; };
		F33CF1352A06462B009A74C0 /* Base */ = {isa = PBXFileReference; lastKnownFileType = file.storyboard; name = Base; path = Base.lproj/LaunchScreen.storyboard; sourceTree = "<group>"; };
		F33CF1372A06462B009A74C0 /* Info.plist */ = {isa = PBXFileReference; lastKnownFileType = text.plist.xml; path = Info.plist; sourceTree = "<group>"; };
		F33CF13C2A06462C009A74C0 /* scrollViewTests.xctest */ = {isa = PBXFileReference; explicitFileType = wrapper.cfbundle; includeInIndex = 0; path = scrollViewTests.xctest; sourceTree = BUILT_PRODUCTS_DIR; };
		F33CF1402A06462C009A74C0 /* scrollViewTests.swift */ = {isa = PBXFileReference; lastKnownFileType = sourcecode.swift; path = scrollViewTests.swift; sourceTree = "<group>"; };
		F33CF1422A06462C009A74C0 /* Info.plist */ = {isa = PBXFileReference; lastKnownFileType = text.plist.xml; path = Info.plist; sourceTree = "<group>"; };
		F33CF1472A06462C009A74C0 /* scrollViewUITests.xctest */ = {isa = PBXFileReference; explicitFileType = wrapper.cfbundle; includeInIndex = 0; path = scrollViewUITests.xctest; sourceTree = BUILT_PRODUCTS_DIR; };
		F33CF14B2A06462C009A74C0 /* scrollViewUITests.swift */ = {isa = PBXFileReference; lastKnownFileType = sourcecode.swift; path = scrollViewUITests.swift; sourceTree = "<group>"; };
		F33CF14D2A06462C009A74C0 /* Info.plist */ = {isa = PBXFileReference; lastKnownFileType = text.plist.xml; path = Info.plist; sourceTree = "<group>"; };
/* End PBXFileReference section */

/* Begin PBXFrameworksBuildPhase section */
		F33CF1232A064625009A74C0 /* Frameworks */ = {
			isa = PBXFrameworksBuildPhase;
			buildActionMask = 2147483647;
			files = (
			);
			runOnlyForDeploymentPostprocessing = 0;
		};
		F33CF1392A06462C009A74C0 /* Frameworks */ = {
			isa = PBXFrameworksBuildPhase;
			buildActionMask = 2147483647;
			files = (
			);
			runOnlyForDeploymentPostprocessing = 0;
		};
		F33CF1442A06462C009A74C0 /* Frameworks */ = {
			isa = PBXFrameworksBuildPhase;
			buildActionMask = 2147483647;
			files = (
			);
			runOnlyForDeploymentPostprocessing = 0;
		};
/* End PBXFrameworksBuildPhase section */

/* Begin PBXGroup section */
		F33CF11D2A064625009A74C0 = {
			isa = PBXGroup;
			children = (
				F33CF1282A064625009A74C0 /* scrollView */,
				F33CF13F2A06462C009A74C0 /* scrollViewTests */,
				F33CF14A2A06462C009A74C0 /* scrollViewUITests */,
				F33CF1272A064625009A74C0 /* Products */,
			);
			sourceTree = "<group>";
		};
		F33CF1272A064625009A74C0 /* Products */ = {
			isa = PBXGroup;
			children = (
				F33CF1262A064625009A74C0 /* scrollView.app */,
				F33CF13C2A06462C009A74C0 /* scrollViewTests.xctest */,
				F33CF1472A06462C009A74C0 /* scrollViewUITests.xctest */,
			);
			name = Products;
			sourceTree = "<group>";
		};
		F33CF1282A064625009A74C0 /* scrollView */ = {
			isa = PBXGroup;
			children = (
				F33CF1292A064625009A74C0 /* AppDelegate.swift */,
				F33CF12B2A064625009A74C0 /* SceneDelegate.swift */,
				F33CF12D2A064625009A74C0 /* ViewController.swift */,
				F33CF12F2A064625009A74C0 /* Main.storyboard */,
				F33CF1322A06462B009A74C0 /* Assets.xcassets */,
				F33CF1342A06462B009A74C0 /* LaunchScreen.storyboard */,
				F33CF1372A06462B009A74C0 /* Info.plist */,
			);
			path = scrollView;
			sourceTree = "<group>";
		};
		F33CF13F2A06462C009A74C0 /* scrollViewTests */ = {
			isa = PBXGroup;
			children = (
				F33CF1402A06462C009A74C0 /* scrollViewTests.swift */,
				F33CF1422A06462C009A74C0 /* Info.plist */,
			);
			path = scrollViewTests;
			sourceTree = "<group>";
		};
		F33CF14A2A06462C009A74C0 /* scrollViewUITests */ = {
			isa = PBXGroup;
			children = (
				F33CF14B2A06462C009A74C0 /* scrollViewUITests.swift */,
				F33CF14D2A06462C009A74C0 /* Info.plist */,
			);
			path = scrollViewUITests;
			sourceTree = "<group>";
		};
/* End PBXGroup section */

/* Begin PBXNativeTarget section */
		F33CF1252A064625009A74C0 /* scrollView */ = {
			isa = PBXNativeTarget;
			buildConfigurationList = F33CF1502A06462C009A74C0 /* Build configuration list for PBXNativeTarget "scrollView" */;
			buildPhases = (
				F33CF1222A064625009A74C0 /* Sources */,
				F33CF1232A064625009A74C0 /* Frameworks */,
				F33CF1242A064625009A74C0 /* Resources */,
			);
			buildRules = (
			);
			dependencies = (
			);
			name = scrollView;
			productName = scrollView;
			productReference = F33CF1262A064625009A74C0 /* scrollView.app */;
			productType = "com.apple.product-type.application";
		};
		F33CF13B2A06462C009A74C0 /* scrollViewTests */ = {
			isa = PBXNativeTarget;
			buildConfigurationList = F33CF1532A06462C009A74C0 /* Build configuration list for PBXNativeTarget "scrollViewTests" */;
			buildPhases = (
				F33CF1382A06462C009A74C0 /* Sources */,
				F33CF1392A06462C009A74C0 /* Frameworks */,
				F33CF13A2A06462C009A74C0 /* Resources */,
			);
			buildRules = (
			);
			dependencies = (
				F33CF13E2A06462C009A74C0 /* PBXTargetDependency */,
			);
			name = scrollViewTests;
			productName = scrollViewTests;
			productReference = F33CF13C2A06462C009A74C0 /* scrollViewTests.xctest */;
			productType = "com.apple.product-type.bundle.unit-test";
		};
		F33CF1462A06462C009A74C0 /* scrollViewUITests */ = {
			isa = PBXNativeTarget;
			buildConfigurationList = F33CF1562A06462C009A74C0 /* Build configuration list for PBXNativeTarget "scrollViewUITests" */;
			buildPhases = (
				F33CF1432A06462C009A74C0 /* Sources */,
				F33CF1442A06462C009A74C0 /* Frameworks */,
				F33CF1452A06462C009A74C0 /* Resources */,
			);
			buildRules = (
			);
			dependencies = (
				F33CF1492A06462C009A74C0 /* PBXTargetDependency */,
			);
			name = scrollViewUITests;
			productName = scrollViewUITests;
			productReference = F33CF1472A06462C009A74C0 /* scrollViewUITests.xctest */;
			productType = "com.apple.product-type.bundle.ui-testing";
		};
/* End PBXNativeTarget section */

/* Begin PBXProject section */
		F33CF11E2A064625009A74C0 /* Project object */ = {
			isa = PBXProject;
			attributes = {
				LastSwiftUpdateCheck = 1240;
				LastUpgradeCheck = 1240;
				TargetAttributes = {
					F33CF1252A064625009A74C0 = {
						CreatedOnToolsVersion = 12.4;
					};
					F33CF13B2A06462C009A74C0 = {
						CreatedOnToolsVersion = 12.4;
						TestTargetID = F33CF1252A064625009A74C0;
					};
					F33CF1462A06462C009A74C0 = {
						CreatedOnToolsVersion = 12.4;
						TestTargetID = F33CF1252A064625009A74C0;
					};
				};
			};
			buildConfigurationList = F33CF1212A064625009A74C0 /* Build configuration list for PBXProject "scrollView" */;
			compatibilityVersion = "Xcode 9.3";
			developmentRegion = en;
			hasScannedForEncodings = 0;
			knownRegions = (
				en,
				Base,
			);
			mainGroup = F33CF11D2A064625009A74C0;
			productRefGroup = F33CF1272A064625009A74C0 /* Products */;
			projectDirPath = "";
			projectRoot = "";
			targets = (
				F33CF1252A064625009A74C0 /* scrollView */,
				F33CF13B2A06462C009A74C0 /* scrollViewTests */,
				F33CF1462A06462C009A74C0 /* scrollViewUITests */,
			);
		};
/* End PBXProject section */

/* Begin PBXResourcesBuildPhase section */
		F33CF1242A064625009A74C0 /* Resources */ = {
			isa = PBXResourcesBuildPhase;
			buildActionMask = 2147483647;
			files = (
				F33CF1362A06462B009A74C0 /* LaunchScreen.storyboard in Resources */,
				F33CF1332A06462B009A74C0 /* Assets.xcassets in Resources */,
				F33CF1312A064625009A74C0 /* Main.storyboard in Resources */,
			);
			runOnlyForDeploymentPostprocessing = 0;
		};
		F33CF13A2A06462C009A74C0 /* Resources */ = {
			isa = PBXResourcesBuildPhase;
			buildActionMask = 2147483647;
			files = (
			);
			runOnlyForDeploymentPostprocessing = 0;
		};
		F33CF1452A06462C009A74C0 /* Resources */ = {
			isa = PBXResourcesBuildPhase;
			buildActionMask = 2147483647;
			files = (
			);
			runOnlyForDeploymentPostprocessing = 0;
		};
/* End PBXResourcesBuildPhase section */

/* Begin PBXSourcesBuildPhase section */
		F33CF1222A064625009A74C0 /* Sources */ = {
			isa = PBXSourcesBuildPhase;
			buildActionMask = 2147483647;
			files = (
				F33CF12E2A064625009A74C0 /* ViewController.swift in Sources */,
				F33CF12A2A064625009A74C0 /* AppDelegate.swift in Sources */,
				F33CF12C2A064625009A74C0 /* SceneDelegate.swift in Sources */,
			);
			runOnlyForDeploymentPostprocessing = 0;
		};
		F33CF1382A06462C009A74C0 /* Sources */ = {
			isa = PBXSourcesBuildPhase;
			buildActionMask = 2147483647;
			files = (
				F33CF1412A06462C009A74C0 /* scrollViewTests.swift in Sources */,
			);
			runOnlyForDeploymentPostprocessing = 0;
		};
		F33CF1432A06462C009A74C0 /* Sources */ = {
			isa = PBXSourcesBuildPhase;
			buildActionMask = 2147483647;
			files = (
				F33CF14C2A06462C009A74C0 /* scrollViewUITests.swift in Sources */,
			);
			runOnlyForDeploymentPostprocessing = 0;
		};
/* End PBXSourcesBuildPhase section */

/* Begin PBXTargetDependency section */
		F33CF13E2A06462C009A74C0 /* PBXTargetDependency */ = {
			isa = PBXTargetDependency;
			target = F33CF1252A064625009A74C0 /* scrollView */;
			targetProxy = F33CF13D2A06462C009A74C0 /* PBXContainerItemProxy */;
		};
		F33CF1492A06462C009A74C0 /* PBXTargetDependency */ = {
			isa = PBXTargetDependency;
			target = F33CF1252A064625009A74C0 /* scrollView */;
			targetProxy = F33CF1482A06462C009A74C0 /* PBXContainerItemProxy */;
		};
/* End PBXTargetDependency section */

/* Begin PBXVariantGroup section */
		F33CF12F2A064625009A74C0 /* Main.storyboard */ = {
			isa = PBXVariantGroup;
			children = (
				F33CF1302A064625009A74C0 /* Base */,
			);
			name = Main.storyboard;
			sourceTree = "<group>";
		};
		F33CF1342A06462B009A74C0 /* LaunchScreen.storyboard */ = {
			isa = PBXVariantGroup;
			children = (
				F33CF1352A06462B009A74C0 /* Base */,
			);
			name = LaunchScreen.storyboard;
			sourceTree = "<group>";
		};
/* End PBXVariantGroup section */

/* Begin XCBuildConfiguration section */
		F33CF14E2A06462C009A74C0 /* Debug */ = {
			isa = XCBuildConfiguration;
			buildSettings = {
				ALWAYS_SEARCH_USER_PATHS = NO;
				CLANG_ANALYZER_NONNULL = YES;
				CLANG_ANALYZER_NUMBER_OBJECT_CONVERSION = YES_AGGRESSIVE;
				CLANG_CXX_LANGUAGE_STANDARD = "gnu++14";
				CLANG_CXX_LIBRARY = "libc++";
				CLANG_ENABLE_MODULES = YES;
				CLANG_ENABLE_OBJC_ARC = YES;
				CLANG_ENABLE_OBJC_WEAK = YES;
				CLANG_WARN_BLOCK_CAPTURE_AUTORELEASING = YES;
				CLANG_WARN_BOOL_CONVERSION = YES;
				CLANG_WARN_COMMA = YES;
				CLANG_WARN_CONSTANT_CONVERSION = YES;
				CLANG_WARN_DEPRECATED_OBJC_IMPLEMENTATIONS = YES;
				CLANG_WARN_DIRECT_OBJC_ISA_USAGE = YES_ERROR;
				CLANG_WARN_DOCUMENTATION_COMMENTS = YES;
				CLANG_WARN_EMPTY_BODY = YES;
				CLANG_WARN_ENUM_CONVERSION = YES;
				CLANG_WARN_INFINITE_RECURSION = YES;
				CLANG_WARN_INT_CONVERSION = YES;
				CLANG_WARN_NON_LITERAL_NULL_CONVERSION = YES;
				CLANG_WARN_OBJC_IMPLICIT_RETAIN_SELF = YES;
				CLANG_WARN_OBJC_LITERAL_CONVERSION = YES;
				CLANG_WARN_OBJC_ROOT_CLASS = YES_ERROR;
				CLANG_WARN_QUOTED_INCLUDE_IN_FRAMEWORK_HEADER = YES;
				CLANG_WARN_RANGE_LOOP_ANALYSIS = YES;
				CLANG_WARN_STRICT_PROTOTYPES = YES;
				CLANG_WARN_SUSPICIOUS_MOVE = YES;
				CLANG_WARN_UNGUARDED_AVAILABILITY = YES_AGGRESSIVE;
				CLANG_WARN_UNREACHABLE_CODE = YES;
				CLANG_WARN__DUPLICATE_METHOD_MATCH = YES;
				COPY_PHASE_STRIP = NO;
				DEBUG_INFORMATION_FORMAT = dwarf;
				ENABLE_STRICT_OBJC_MSGSEND = YES;
				ENABLE_TESTABILITY = YES;
				GCC_C_LANGUAGE_STANDARD = gnu11;
				GCC_DYNAMIC_NO_PIC = NO;
				GCC_NO_COMMON_BLOCKS = YES;
				GCC_OPTIMIZATION_LEVEL = 0;
				GCC_PREPROCESSOR_DEFINITIONS = (
					"DEBUG=1",
					"$(inherited)",
				);
				GCC_WARN_64_TO_32_BIT_CONVERSION = YES;
				GCC_WARN_ABOUT_RETURN_TYPE = YES_ERROR;
				GCC_WARN_UNDECLARED_SELECTOR = YES;
				GCC_WARN_UNINITIALIZED_AUTOS = YES_AGGRESSIVE;
				GCC_WARN_UNUSED_FUNCTION = YES;
				GCC_WARN_UNUSED_VARIABLE = YES;
				IPHONEOS_DEPLOYMENT_TARGET = 14.4;
				MTL_ENABLE_DEBUG_INFO = INCLUDE_SOURCE;
				MTL_FAST_MATH = YES;
				ONLY_ACTIVE_ARCH = YES;
				SDKROOT = iphoneos;
				SWIFT_ACTIVE_COMPILATION_CONDITIONS = DEBUG;
				SWIFT_OPTIMIZATION_LEVEL = "-Onone";
			};
			name = Debug;
		};
		F33CF14F2A06462C009A74C0 /* Release */ = {
			isa = XCBuildConfiguration;
			buildSettings = {
				ALWAYS_SEARCH_USER_PATHS = NO;
				CLANG_ANALYZER_NONNULL = YES;
				CLANG_ANALYZER_NUMBER_OBJECT_CONVERSION = YES_AGGRESSIVE;
				CLANG_CXX_LANGUAGE_STANDARD = "gnu++14";
				CLANG_CXX_LIBRARY = "libc++";
				CLANG_ENABLE_MODULES = YES;
				CLANG_ENABLE_OBJC_ARC = YES;
				CLANG_ENABLE_OBJC_WEAK = YES;
				CLANG_WARN_BLOCK_CAPTURE_AUTORELEASING = YES;
				CLANG_WARN_BOOL_CONVERSION = YES;
				CLANG_WARN_COMMA = YES;
				CLANG_WARN_CONSTANT_CONVERSION = YES;
				CLANG_WARN_DEPRECATED_OBJC_IMPLEMENTATIONS = YES;
				CLANG_WARN_DIRECT_OBJC_ISA_USAGE = YES_ERROR;
				CLANG_WARN_DOCUMENTATION_COMMENTS = YES;
				CLANG_WARN_EMPTY_BODY = YES;
				CLANG_WARN_ENUM_CONVERSION = YES;
				CLANG_WARN_INFINITE_RECURSION = YES;
				CLANG_WARN_INT_CONVERSION = YES;
				CLANG_WARN_NON_LITERAL_NULL_CONVERSION = YES;
				CLANG_WARN_OBJC_IMPLICIT_RETAIN_SELF = YES;
				CLANG_WARN_OBJC_LITERAL_CONVERSION = YES;
				CLANG_WARN_OBJC_ROOT_CLASS = YES_ERROR;
				CLANG_WARN_QUOTED_INCLUDE_IN_FRAMEWORK_HEADER = YES;
				CLANG_WARN_RANGE_LOOP_ANALYSIS = YES;
				CLANG_WARN_STRICT_PROTOTYPES = YES;
				CLANG_WARN_SUSPICIOUS_MOVE = YES;
				CLANG_WARN_UNGUARDED_AVAILABILITY = YES_AGGRESSIVE;
				CLANG_WARN_UNREACHABLE_CODE = YES;
				CLANG_WARN__DUPLICATE_METHOD_MATCH = YES;
				COPY_PHASE_STRIP = NO;
				DEBUG_INFORMATION_FORMAT = "dwarf-with-dsym";
				ENABLE_NS_ASSERTIONS = NO;
				ENABLE_STRICT_OBJC_MSGSEND = YES;
				GCC_C_LANGUAGE_STANDARD = gnu11;
				GCC_NO_COMMON_BLOCKS = YES;
				GCC_WARN_64_TO_32_BIT_CONVERSION = YES;
				GCC_WARN_ABOUT_RETURN_TYPE = YES_ERROR;
				GCC_WARN_UNDECLARED_SELECTOR = YES;
				GCC_WARN_UNINITIALIZED_AUTOS = YES_AGGRESSIVE;
				GCC_WARN_UNUSED_FUNCTION = YES;
				GCC_WARN_UNUSED_VARIABLE = YES;
				IPHONEOS_DEPLOYMENT_TARGET = 14.4;
				MTL_ENABLE_DEBUG_INFO = NO;
				MTL_FAST_MATH = YES;
				SDKROOT = iphoneos;
				SWIFT_COMPILATION_MODE = wholemodule;
				SWIFT_OPTIMIZATION_LEVEL = "-O";
				VALIDATE_PRODUCT = YES;
			};
			name = Release;
		};
		F33CF1512A06462C009A74C0 /* Debug */ = {
			isa = XCBuildConfiguration;
			buildSettings = {
				ASSETCATALOG_COMPILER_APPICON_NAME = AppIcon;
				ASSETCATALOG_COMPILER_GLOBAL_ACCENT_COLOR_NAME = AccentColor;
				CODE_SIGN_STYLE = Automatic;
				INFOPLIST_FILE = scrollView/Info.plist;
				LD_RUNPATH_SEARCH_PATHS = (
					"$(inherited)",
					"@executable_path/Frameworks",
				);
				PRODUCT_BUNDLE_IDENTIFIER = Khang.scrollView;
				PRODUCT_NAME = "$(TARGET_NAME)";
				SWIFT_VERSION = 5.0;
				TARGETED_DEVICE_FAMILY = "1,2";
			};
			name = Debug;
		};
		F33CF1522A06462C009A74C0 /* Release */ = {
			isa = XCBuildConfiguration;
			buildSettings = {
				ASSETCATALOG_COMPILER_APPICON_NAME = AppIcon;
				ASSETCATALOG_COMPILER_GLOBAL_ACCENT_COLOR_NAME = AccentColor;
				CODE_SIGN_STYLE = Automatic;
				INFOPLIST_FILE = scrollView/Info.plist;
				LD_RUNPATH_SEARCH_PATHS = (
					"$(inherited)",
					"@executable_path/Frameworks",
				);
				PRODUCT_BUNDLE_IDENTIFIER = Khang.scrollView;
				PRODUCT_NAME = "$(TARGET_NAME)";
				SWIFT_VERSION = 5.0;
				TARGETED_DEVICE_FAMILY = "1,2";
			};
			name = Release;
		};
		F33CF1542A06462C009A74C0 /* Debug */ = {
			isa = XCBuildConfiguration;
			buildSettings = {
				ALWAYS_EMBED_SWIFT_STANDARD_LIBRARIES = YES;
				BUNDLE_LOADER = "$(TEST_HOST)";
				CODE_SIGN_STYLE = Automatic;
				INFOPLIST_FILE = scrollViewTests/Info.plist;
				IPHONEOS_DEPLOYMENT_TARGET = 14.4;
				LD_RUNPATH_SEARCH_PATHS = (
					"$(inherited)",
					"@executable_path/Frameworks",
					"@loader_path/Frameworks",
				);
				PRODUCT_BUNDLE_IDENTIFIER = Khang.scrollViewTests;
				PRODUCT_NAME = "$(TARGET_NAME)";
				SWIFT_VERSION = 5.0;
				TARGETED_DEVICE_FAMILY = "1,2";
				TEST_HOST = "$(BUILT_PRODUCTS_DIR)/scrollView.app/scrollView";
			};
			name = Debug;
		};
		F33CF1552A06462C009A74C0 /* Release */ = {
			isa = XCBuildConfiguration;
			buildSettings = {
				ALWAYS_EMBED_SWIFT_STANDARD_LIBRARIES = YES;
				BUNDLE_LOADER = "$(TEST_HOST)";
				CODE_SIGN_STYLE = Automatic;
				INFOPLIST_FILE = scrollViewTests/Info.plist;
				IPHONEOS_DEPLOYMENT_TARGET = 14.4;
				LD_RUNPATH_SEARCH_PATHS = (
					"$(inherited)",
					"@executable_path/Frameworks",
					"@loader_path/Frameworks",
				);
				PRODUCT_BUNDLE_IDENTIFIER = Khang.scrollViewTests;
				PRODUCT_NAME = "$(TARGET_NAME)";
				SWIFT_VERSION = 5.0;
				TARGETED_DEVICE_FAMILY = "1,2";
				TEST_HOST = "$(BUILT_PRODUCTS_DIR)/scrollView.app/scrollView";
			};
			name = Release;
		};
		F33CF1572A06462C009A74C0 /* Debug */ = {
			isa = XCBuildConfiguration;
			buildSettings = {
				ALWAYS_EMBED_SWIFT_STANDARD_LIBRARIES = YES;
				CODE_SIGN_STYLE = Automatic;
				INFOPLIST_FILE = scrollViewUITests/Info.plist;
				LD_RUNPATH_SEARCH_PATHS = (
					"$(inherited)",
					"@executable_path/Frameworks",
					"@loader_path/Frameworks",
				);
				PRODUCT_BUNDLE_IDENTIFIER = Khang.scrollViewUITests;
				PRODUCT_NAME = "$(TARGET_NAME)";
				SWIFT_VERSION = 5.0;
				TARGETED_DEVICE_FAMILY = "1,2";
				TEST_TARGET_NAME = scrollView;
			};
			name = Debug;
		};
		F33CF1582A06462C009A74C0 /* Release */ = {
			isa = XCBuildConfiguration;
			buildSettings = {
				ALWAYS_EMBED_SWIFT_STANDARD_LIBRARIES = YES;
				CODE_SIGN_STYLE = Automatic;
				INFOPLIST_FILE = scrollViewUITests/Info.plist;
				LD_RUNPATH_SEARCH_PATHS = (
					"$(inherited)",
					"@executable_path/Frameworks",
					"@loader_path/Frameworks",
				);
				PRODUCT_BUNDLE_IDENTIFIER = Khang.scrollViewUITests;
				PRODUCT_NAME = "$(TARGET_NAME)";
				SWIFT_VERSION = 5.0;
				TARGETED_DEVICE_FAMILY = "1,2";
				TEST_TARGET_NAME = scrollView;
			};
			name = Release;
		};
/* End XCBuildConfiguration section */

/* Begin XCConfigurationList section */
		F33CF1212A064625009A74C0 /* Build configuration list for PBXProject "scrollView" */ = {
			isa = XCConfigurationList;
			buildConfigurations = (
				F33CF14E2A06462C009A74C0 /* Debug */,
				F33CF14F2A06462C009A74C0 /* Release */,
			);
			defaultConfigurationIsVisible = 0;
			defaultConfigurationName = Release;
		};
		F33CF1502A06462C009A74C0 /* Build configuration list for PBXNativeTarget "scrollView" */ = {
			isa = XCConfigurationList;
			buildConfigurations = (
				F33CF1512A06462C009A74C0 /* Debug */,
				F33CF1522A06462C009A74C0 /* Release */,
			);
			defaultConfigurationIsVisible = 0;
			defaultConfigurationName = Release;
		};
		F33CF1532A06462C009A74C0 /* Build configuration list for PBXNativeTarget "scrollViewTests" */ = {
			isa = XCConfigurationList;
			buildConfigurations = (
				F33CF1542A06462C009A74C0 /* Debug */,
				F33CF1552A06462C009A74C0 /* Release */,
			);
			defaultConfigurationIsVisible = 0;
			defaultConfigurationName = Release;
		};
		F33CF1562A06462C009A74C0 /* Build configuration list for PBXNativeTarget "scrollViewUITests" */ = {
			isa = XCConfigurationList;
			buildConfigurations = (
				F33CF1572A06462C009A74C0 /* Debug */,
				F33CF1582A06462C009A74C0 /* Release */,
			);
			defaultConfigurationIsVisible = 0;
			defaultConfigurationName = Release;
		};
/* End XCConfigurationList section */
	};
	rootObject = F33CF11E2A064625009A74C0 /* Project object */;
}
